// !$*UTF8*$!
{
	archiveVersion = 1;
	classes = {
	};
	objectVersion = 77;
	objects = {

/* Begin PBXBuildFile section */
		E716902C2E7EF3DD006703FD /* FirebaseAI in Frameworks */ = {isa = PBXBuildFile; productRef = E716902B2E7EF3DD006703FD /* FirebaseAI */; };
		E716902E2E7EF3DD006703FD /* FirebaseAnalytics in Frameworks */ = {isa = PBXBuildFile; productRef = E716902D2E7EF3DD006703FD /* FirebaseAnalytics */; };
		E71690302E7EF3DD006703FD /* FirebaseAnalyticsCore in Frameworks */ = {isa = PBXBuildFile; productRef = E716902F2E7EF3DD006703FD /* FirebaseAnalyticsCore */; };
		E71690322E7EF3DD006703FD /* FirebaseAnalyticsIdentitySupport in Frameworks */ = {isa = PBXBuildFile; productRef = E71690312E7EF3DD006703FD /* FirebaseAnalyticsIdentitySupport */; };
		E71690342E7EF3DD006703FD /* FirebaseAppCheck in Frameworks */ = {isa = PBXBuildFile; productRef = E71690332E7EF3DD006703FD /* FirebaseAppCheck */; };
		E71690362E7EF42A006703FD /* GoogleService-Info.plist in Resources */ = {isa = PBXBuildFile; fileRef = E71690352E7EF429006703FD /* GoogleService-Info.plist */; };
		E71690372E7EF42A006703FD /* GoogleService-Info.plist in Resources */ = {isa = PBXBuildFile; fileRef = E71690352E7EF429006703FD /* GoogleService-Info.plist */; };
		E71690382E7EF42A006703FD /* GoogleService-Info.plist in Resources */ = {isa = PBXBuildFile; fileRef = E71690352E7EF429006703FD /* GoogleService-Info.plist */; };
		E716905B2E7EFB40006703FD /* FirebaseAppDistribution-Beta in Frameworks */ = {isa = PBXBuildFile; productRef = E716905A2E7EFB40006703FD /* FirebaseAppDistribution-Beta */; };
		E716905D2E7EFB40006703FD /* FirebaseAuth in Frameworks */ = {isa = PBXBuildFile; productRef = E716905C2E7EFB40006703FD /* FirebaseAuth */; };
		E716905F2E7EFB40006703FD /* FirebaseAuthCombine-Community in Frameworks */ = {isa = PBXBuildFile; productRef = E716905E2E7EFB40006703FD /* FirebaseAuthCombine-Community */; };
		E71690612E7EFB40006703FD /* FirebaseCore in Frameworks */ = {isa = PBXBuildFile; productRef = E71690602E7EFB40006703FD /* FirebaseCore */; };
		E71690632E7EFB40006703FD /* FirebaseCrashlytics in Frameworks */ = {isa = PBXBuildFile; productRef = E71690622E7EFB40006703FD /* FirebaseCrashlytics */; };
		E71690652E7EFB40006703FD /* FirebaseDatabase in Frameworks */ = {isa = PBXBuildFile; productRef = E71690642E7EFB40006703FD /* FirebaseDatabase */; };
		E71690672E7EFB40006703FD /* FirebaseFirestore in Frameworks */ = {isa = PBXBuildFile; productRef = E71690662E7EFB40006703FD /* FirebaseFirestore */; };
		E71690692E7EFB40006703FD /* FirebaseFirestoreCombine-Community in Frameworks */ = {isa = PBXBuildFile; productRef = E71690682E7EFB40006703FD /* FirebaseFirestoreCombine-Community */; };
		E716906B2E7EFB40006703FD /* FirebaseFunctions in Frameworks */ = {isa = PBXBuildFile; productRef = E716906A2E7EFB40006703FD /* FirebaseFunctions */; };
		E716906D2E7EFB40006703FD /* FirebaseFunctionsCombine-Community in Frameworks */ = {isa = PBXBuildFile; productRef = E716906C2E7EFB40006703FD /* FirebaseFunctionsCombine-Community */; };
		E716906F2E7EFB40006703FD /* FirebaseInAppMessaging-Beta in Frameworks */ = {isa = PBXBuildFile; productRef = E716906E2E7EFB40006703FD /* FirebaseInAppMessaging-Beta */; };
		E71690712E7EFB40006703FD /* FirebaseInstallations in Frameworks */ = {isa = PBXBuildFile; productRef = E71690702E7EFB40006703FD /* FirebaseInstallations */; };
		E71690732E7EFB40006703FD /* FirebaseMLModelDownloader in Frameworks */ = {isa = PBXBuildFile; productRef = E71690722E7EFB40006703FD /* FirebaseMLModelDownloader */; };
		E71690752E7EFB40006703FD /* FirebaseMessaging in Frameworks */ = {isa = PBXBuildFile; productRef = E71690742E7EFB40006703FD /* FirebaseMessaging */; };
		E71690772E7EFB40006703FD /* FirebasePerformance in Frameworks */ = {isa = PBXBuildFile; productRef = E71690762E7EFB40006703FD /* FirebasePerformance */; };
		E71690792E7EFB40006703FD /* FirebaseRemoteConfig in Frameworks */ = {isa = PBXBuildFile; productRef = E71690782E7EFB40006703FD /* FirebaseRemoteConfig */; };
		E716907B2E7EFB40006703FD /* FirebaseStorage in Frameworks */ = {isa = PBXBuildFile; productRef = E716907A2E7EFB40006703FD /* FirebaseStorage */; };
		E716907D2E7EFB40006703FD /* FirebaseStorageCombine-Community in Frameworks */ = {isa = PBXBuildFile; productRef = E716907C2E7EFB40006703FD /* FirebaseStorageCombine-Community */; };
/* End PBXBuildFile section */

/* Begin PBXContainerItemProxy section */
		E7168FF92E7EED40006703FD /* PBXContainerItemProxy */ = {
			isa = PBXContainerItemProxy;
			containerPortal = E7168FE32E7EED3F006703FD /* Project object */;
			proxyType = 1;
			remoteGlobalIDString = E7168FEA2E7EED3F006703FD;
			remoteInfo = pennApps2;
		};
		E71690032E7EED40006703FD /* PBXContainerItemProxy */ = {
			isa = PBXContainerItemProxy;
			containerPortal = E7168FE32E7EED3F006703FD /* Project object */;
			proxyType = 1;
			remoteGlobalIDString = E7168FEA2E7EED3F006703FD;
			remoteInfo = pennApps2;
		};
/* End PBXContainerItemProxy section */

/* Begin PBXFileReference section */
		E7168FEB2E7EED3F006703FD /* pennApps2.app */ = {isa = PBXFileReference; explicitFileType = wrapper.application; includeInIndex = 0; path = pennApps2.app; sourceTree = BUILT_PRODUCTS_DIR; };
		E7168FF82E7EED40006703FD /* pennApps2Tests.xctest */ = {isa = PBXFileReference; explicitFileType = wrapper.cfbundle; includeInIndex = 0; path = pennApps2Tests.xctest; sourceTree = BUILT_PRODUCTS_DIR; };
		E71690022E7EED40006703FD /* pennApps2UITests.xctest */ = {isa = PBXFileReference; explicitFileType = wrapper.cfbundle; includeInIndex = 0; path = pennApps2UITests.xctest; sourceTree = BUILT_PRODUCTS_DIR; };
		E71690352E7EF429006703FD /* GoogleService-Info.plist */ = {isa = PBXFileReference; lastKnownFileType = text.plist.xml; path = "GoogleService-Info.plist"; sourceTree = "<group>"; };
/* End PBXFileReference section */

/* Begin PBXFileSystemSynchronizedRootGroup section */
		E7168FED2E7EED3F006703FD /* pennApps2 */ = {
			isa = PBXFileSystemSynchronizedRootGroup;
			path = pennApps2;
			sourceTree = "<group>";
		};
		E7168FFB2E7EED40006703FD /* pennApps2Tests */ = {
			isa = PBXFileSystemSynchronizedRootGroup;
			path = pennApps2Tests;
			sourceTree = "<group>";
		};
		E71690052E7EED40006703FD /* pennApps2UITests */ = {
			isa = PBXFileSystemSynchronizedRootGroup;
			path = pennApps2UITests;
			sourceTree = "<group>";
		};
/* End PBXFileSystemSynchronizedRootGroup section */

/* Begin PBXFrameworksBuildPhase section */
		E7168FE82E7EED3F006703FD /* Frameworks */ = {
			isa = PBXFrameworksBuildPhase;
			buildActionMask = 2147483647;
			files = (
				E71690692E7EFB40006703FD /* FirebaseFirestoreCombine-Community in Frameworks */,
				E716906B2E7EFB40006703FD /* FirebaseFunctions in Frameworks */,
				E71690772E7EFB40006703FD /* FirebasePerformance in Frameworks */,
				E716907D2E7EFB40006703FD /* FirebaseStorageCombine-Community in Frameworks */,
				E71690792E7EFB40006703FD /* FirebaseRemoteConfig in Frameworks */,
				E71690322E7EF3DD006703FD /* FirebaseAnalyticsIdentitySupport in Frameworks */,
				E716902E2E7EF3DD006703FD /* FirebaseAnalytics in Frameworks */,
				E71690302E7EF3DD006703FD /* FirebaseAnalyticsCore in Frameworks */,
				E71690342E7EF3DD006703FD /* FirebaseAppCheck in Frameworks */,
				E716902C2E7EF3DD006703FD /* FirebaseAI in Frameworks */,
				E71690672E7EFB40006703FD /* FirebaseFirestore in Frameworks */,
				E71690752E7EFB40006703FD /* FirebaseMessaging in Frameworks */,
				E71690712E7EFB40006703FD /* FirebaseInstallations in Frameworks */,
				E716906D2E7EFB40006703FD /* FirebaseFunctionsCombine-Community in Frameworks */,
				E716905D2E7EFB40006703FD /* FirebaseAuth in Frameworks */,
				E716905B2E7EFB40006703FD /* FirebaseAppDistribution-Beta in Frameworks */,
				E716906F2E7EFB40006703FD /* FirebaseInAppMessaging-Beta in Frameworks */,
				E71690632E7EFB40006703FD /* FirebaseCrashlytics in Frameworks */,
				E71690652E7EFB40006703FD /* FirebaseDatabase in Frameworks */,
				E71690732E7EFB40006703FD /* FirebaseMLModelDownloader in Frameworks */,
				E716907B2E7EFB40006703FD /* FirebaseStorage in Frameworks */,
				E71690612E7EFB40006703FD /* FirebaseCore in Frameworks */,
				E716905F2E7EFB40006703FD /* FirebaseAuthCombine-Community in Frameworks */,
			);
			runOnlyForDeploymentPostprocessing = 0;
		};
		E7168FF52E7EED40006703FD /* Frameworks */ = {
			isa = PBXFrameworksBuildPhase;
			buildActionMask = 2147483647;
			files = (
			);
			runOnlyForDeploymentPostprocessing = 0;
		};
		E7168FFF2E7EED40006703FD /* Frameworks */ = {
			isa = PBXFrameworksBuildPhase;
			buildActionMask = 2147483647;
			files = (
			);
			runOnlyForDeploymentPostprocessing = 0;
		};
/* End PBXFrameworksBuildPhase section */

/* Begin PBXGroup section */
		E7168FE22E7EED3F006703FD = {
			isa = PBXGroup;
			children = (
				E7168FED2E7EED3F006703FD /* pennApps2 */,
				E7168FFB2E7EED40006703FD /* pennApps2Tests */,
				E71690052E7EED40006703FD /* pennApps2UITests */,
				E7168FEC2E7EED3F006703FD /* Products */,
				E71690352E7EF429006703FD /* GoogleService-Info.plist */,
			);
			sourceTree = "<group>";
		};
		E7168FEC2E7EED3F006703FD /* Products */ = {
			isa = PBXGroup;
			children = (
				E7168FEB2E7EED3F006703FD /* pennApps2.app */,
				E7168FF82E7EED40006703FD /* pennApps2Tests.xctest */,
				E71690022E7EED40006703FD /* pennApps2UITests.xctest */,
			);
			name = Products;
			sourceTree = "<group>";
		};
/* End PBXGroup section */

/* Begin PBXNativeTarget section */
		E7168FEA2E7EED3F006703FD /* pennApps2 */ = {
			isa = PBXNativeTarget;
			buildConfigurationList = E716900C2E7EED40006703FD /* Build configuration list for PBXNativeTarget "pennApps2" */;
			buildPhases = (
				E7168FE72E7EED3F006703FD /* Sources */,
				E7168FE82E7EED3F006703FD /* Frameworks */,
				E7168FE92E7EED3F006703FD /* Resources */,
			);
			buildRules = (
			);
			dependencies = (
			);
			fileSystemSynchronizedGroups = (
				E7168FED2E7EED3F006703FD /* pennApps2 */,
			);
			name = pennApps2;
			packageProductDependencies = (
				E716902B2E7EF3DD006703FD /* FirebaseAI */,
				E716902D2E7EF3DD006703FD /* FirebaseAnalytics */,
				E716902F2E7EF3DD006703FD /* FirebaseAnalyticsCore */,
				E71690312E7EF3DD006703FD /* FirebaseAnalyticsIdentitySupport */,
				E71690332E7EF3DD006703FD /* FirebaseAppCheck */,
				E716905A2E7EFB40006703FD /* FirebaseAppDistribution-Beta */,
				E716905C2E7EFB40006703FD /* FirebaseAuth */,
				E716905E2E7EFB40006703FD /* FirebaseAuthCombine-Community */,
				E71690602E7EFB40006703FD /* FirebaseCore */,
				E71690622E7EFB40006703FD /* FirebaseCrashlytics */,
				E71690642E7EFB40006703FD /* FirebaseDatabase */,
				E71690662E7EFB40006703FD /* FirebaseFirestore */,
				E71690682E7EFB40006703FD /* FirebaseFirestoreCombine-Community */,
				E716906A2E7EFB40006703FD /* FirebaseFunctions */,
				E716906C2E7EFB40006703FD /* FirebaseFunctionsCombine-Community */,
				E716906E2E7EFB40006703FD /* FirebaseInAppMessaging-Beta */,
				E71690702E7EFB40006703FD /* FirebaseInstallations */,
				E71690722E7EFB40006703FD /* FirebaseMLModelDownloader */,
				E71690742E7EFB40006703FD /* FirebaseMessaging */,
				E71690762E7EFB40006703FD /* FirebasePerformance */,
				E71690782E7EFB40006703FD /* FirebaseRemoteConfig */,
				E716907A2E7EFB40006703FD /* FirebaseStorage */,
				E716907C2E7EFB40006703FD /* FirebaseStorageCombine-Community */,
			);
			productName = pennApps2;
			productReference = E7168FEB2E7EED3F006703FD /* pennApps2.app */;
			productType = "com.apple.product-type.application";
		};
		E7168FF72E7EED40006703FD /* pennApps2Tests */ = {
			isa = PBXNativeTarget;
			buildConfigurationList = E716900F2E7EED40006703FD /* Build configuration list for PBXNativeTarget "pennApps2Tests" */;
			buildPhases = (
				E7168FF42E7EED40006703FD /* Sources */,
				E7168FF52E7EED40006703FD /* Frameworks */,
				E7168FF62E7EED40006703FD /* Resources */,
			);
			buildRules = (
			);
			dependencies = (
				E7168FFA2E7EED40006703FD /* PBXTargetDependency */,
			);
			fileSystemSynchronizedGroups = (
				E7168FFB2E7EED40006703FD /* pennApps2Tests */,
			);
			name = pennApps2Tests;
			packageProductDependencies = (
			);
			productName = pennApps2Tests;
			productReference = E7168FF82E7EED40006703FD /* pennApps2Tests.xctest */;
			productType = "com.apple.product-type.bundle.unit-test";
		};
		E71690012E7EED40006703FD /* pennApps2UITests */ = {
			isa = PBXNativeTarget;
			buildConfigurationList = E71690122E7EED40006703FD /* Build configuration list for PBXNativeTarget "pennApps2UITests" */;
			buildPhases = (
				E7168FFE2E7EED40006703FD /* Sources */,
				E7168FFF2E7EED40006703FD /* Frameworks */,
				E71690002E7EED40006703FD /* Resources */,
			);
			buildRules = (
			);
			dependencies = (
				E71690042E7EED40006703FD /* PBXTargetDependency */,
			);
			fileSystemSynchronizedGroups = (
				E71690052E7EED40006703FD /* pennApps2UITests */,
			);
			name = pennApps2UITests;
			packageProductDependencies = (
			);
			productName = pennApps2UITests;
			productReference = E71690022E7EED40006703FD /* pennApps2UITests.xctest */;
			productType = "com.apple.product-type.bundle.ui-testing";
		};
/* End PBXNativeTarget section */

/* Begin PBXProject section */
		E7168FE32E7EED3F006703FD /* Project object */ = {
			isa = PBXProject;
			attributes = {
				BuildIndependentTargetsInParallel = 1;
				LastSwiftUpdateCheck = 2600;
				LastUpgradeCheck = 2600;
				TargetAttributes = {
					E7168FEA2E7EED3F006703FD = {
						CreatedOnToolsVersion = 26.0;
					};
					E7168FF72E7EED40006703FD = {
						CreatedOnToolsVersion = 26.0;
						TestTargetID = E7168FEA2E7EED3F006703FD;
					};
					E71690012E7EED40006703FD = {
						CreatedOnToolsVersion = 26.0;
						TestTargetID = E7168FEA2E7EED3F006703FD;
					};
				};
			};
			buildConfigurationList = E7168FE62E7EED3F006703FD /* Build configuration list for PBXProject "pennApps2" */;
			developmentRegion = en;
			hasScannedForEncodings = 0;
			knownRegions = (
				en,
				Base,
			);
			mainGroup = E7168FE22E7EED3F006703FD;
			minimizedProjectReferenceProxies = 1;
			packageReferences = (
				E716902A2E7EF3DD006703FD /* XCRemoteSwiftPackageReference "firebase-ios-sdk" */,
			);
			preferredProjectObjectVersion = 77;
			productRefGroup = E7168FEC2E7EED3F006703FD /* Products */;
			projectDirPath = "";
			projectRoot = "";
			targets = (
				E7168FEA2E7EED3F006703FD /* pennApps2 */,
				E7168FF72E7EED40006703FD /* pennApps2Tests */,
				E71690012E7EED40006703FD /* pennApps2UITests */,
			);
		};
/* End PBXProject section */

/* Begin PBXResourcesBuildPhase section */
		E7168FE92E7EED3F006703FD /* Resources */ = {
			isa = PBXResourcesBuildPhase;
			buildActionMask = 2147483647;
			files = (
				E71690372E7EF42A006703FD /* GoogleService-Info.plist in Resources */,
			);
			runOnlyForDeploymentPostprocessing = 0;
		};
		E7168FF62E7EED40006703FD /* Resources */ = {
			isa = PBXResourcesBuildPhase;
			buildActionMask = 2147483647;
			files = (
				E71690382E7EF42A006703FD /* GoogleService-Info.plist in Resources */,
			);
			runOnlyForDeploymentPostprocessing = 0;
		};
		E71690002E7EED40006703FD /* Resources */ = {
			isa = PBXResourcesBuildPhase;
			buildActionMask = 2147483647;
			files = (
				E71690362E7EF42A006703FD /* GoogleService-Info.plist in Resources */,
			);
			runOnlyForDeploymentPostprocessing = 0;
		};
/* End PBXResourcesBuildPhase section */

/* Begin PBXSourcesBuildPhase section */
		E7168FE72E7EED3F006703FD /* Sources */ = {
			isa = PBXSourcesBuildPhase;
			buildActionMask = 2147483647;
			files = (
			);
			runOnlyForDeploymentPostprocessing = 0;
		};
		E7168FF42E7EED40006703FD /* Sources */ = {
			isa = PBXSourcesBuildPhase;
			buildActionMask = 2147483647;
			files = (
			);
			runOnlyForDeploymentPostprocessing = 0;
		};
		E7168FFE2E7EED40006703FD /* Sources */ = {
			isa = PBXSourcesBuildPhase;
			buildActionMask = 2147483647;
			files = (
			);
			runOnlyForDeploymentPostprocessing = 0;
		};
/* End PBXSourcesBuildPhase section */

/* Begin PBXTargetDependency section */
		E7168FFA2E7EED40006703FD /* PBXTargetDependency */ = {
			isa = PBXTargetDependency;
			target = E7168FEA2E7EED3F006703FD /* pennApps2 */;
			targetProxy = E7168FF92E7EED40006703FD /* PBXContainerItemProxy */;
		};
		E71690042E7EED40006703FD /* PBXTargetDependency */ = {
			isa = PBXTargetDependency;
			target = E7168FEA2E7EED3F006703FD /* pennApps2 */;
			targetProxy = E71690032E7EED40006703FD /* PBXContainerItemProxy */;
		};
/* End PBXTargetDependency section */

/* Begin XCBuildConfiguration section */
		E716900A2E7EED40006703FD /* Debug */ = {
			isa = XCBuildConfiguration;
			buildSettings = {
				ALWAYS_SEARCH_USER_PATHS = NO;
				ASSETCATALOG_COMPILER_GENERATE_SWIFT_ASSET_SYMBOL_EXTENSIONS = YES;
				CLANG_ANALYZER_NONNULL = YES;
				CLANG_ANALYZER_NUMBER_OBJECT_CONVERSION = YES_AGGRESSIVE;
				CLANG_CXX_LANGUAGE_STANDARD = "gnu++20";
				CLANG_ENABLE_MODULES = YES;
				CLANG_ENABLE_OBJC_ARC = YES;
				CLANG_ENABLE_OBJC_WEAK = YES;
				CLANG_WARN_BLOCK_CAPTURE_AUTORELEASING = YES;
				CLANG_WARN_BOOL_CONVERSION = YES;
				CLANG_WARN_COMMA = YES;
				CLANG_WARN_CONSTANT_CONVERSION = YES;
				CLANG_WARN_DEPRECATED_OBJC_IMPLEMENTATIONS = YES;
				CLANG_WARN_DIRECT_OBJC_ISA_USAGE = YES_ERROR;
				CLANG_WARN_DOCUMENTATION_COMMENTS = YES;
				CLANG_WARN_EMPTY_BODY = YES;
				CLANG_WARN_ENUM_CONVERSION = YES;
				CLANG_WARN_INFINITE_RECURSION = YES;
				CLANG_WARN_INT_CONVERSION = YES;
				CLANG_WARN_NON_LITERAL_NULL_CONVERSION = YES;
				CLANG_WARN_OBJC_IMPLICIT_RETAIN_SELF = YES;
				CLANG_WARN_OBJC_LITERAL_CONVERSION = YES;
				CLANG_WARN_OBJC_ROOT_CLASS = YES_ERROR;
				CLANG_WARN_QUOTED_INCLUDE_IN_FRAMEWORK_HEADER = YES;
				CLANG_WARN_RANGE_LOOP_ANALYSIS = YES;
				CLANG_WARN_STRICT_PROTOTYPES = YES;
				CLANG_WARN_SUSPICIOUS_MOVE = YES;
				CLANG_WARN_UNGUARDED_AVAILABILITY = YES_AGGRESSIVE;
				CLANG_WARN_UNREACHABLE_CODE = YES;
				CLANG_WARN__DUPLICATE_METHOD_MATCH = YES;
				COPY_PHASE_STRIP = NO;
				DEBUG_INFORMATION_FORMAT = dwarf;
				DEVELOPMENT_TEAM = NK8AYRW483;
				ENABLE_STRICT_OBJC_MSGSEND = YES;
				ENABLE_TESTABILITY = YES;
				ENABLE_USER_SCRIPT_SANDBOXING = YES;
				GCC_C_LANGUAGE_STANDARD = gnu17;
				GCC_DYNAMIC_NO_PIC = NO;
				GCC_NO_COMMON_BLOCKS = YES;
				GCC_OPTIMIZATION_LEVEL = 0;
				GCC_PREPROCESSOR_DEFINITIONS = (
					"DEBUG=1",
					"$(inherited)",
				);
				GCC_WARN_64_TO_32_BIT_CONVERSION = YES;
				GCC_WARN_ABOUT_RETURN_TYPE = YES_ERROR;
				GCC_WARN_UNDECLARED_SELECTOR = YES;
				GCC_WARN_UNINITIALIZED_AUTOS = YES_AGGRESSIVE;
				GCC_WARN_UNUSED_FUNCTION = YES;
				GCC_WARN_UNUSED_VARIABLE = YES;
				IPHONEOS_DEPLOYMENT_TARGET = 26.0;
				LOCALIZATION_PREFERS_STRING_CATALOGS = YES;
				MTL_ENABLE_DEBUG_INFO = INCLUDE_SOURCE;
				MTL_FAST_MATH = YES;
				ONLY_ACTIVE_ARCH = YES;
				SDKROOT = iphoneos;
				SWIFT_ACTIVE_COMPILATION_CONDITIONS = "DEBUG $(inherited)";
				SWIFT_OPTIMIZATION_LEVEL = "-Onone";
			};
			name = Debug;
		};
		E716900B2E7EED40006703FD /* Release */ = {
			isa = XCBuildConfiguration;
			buildSettings = {
				ALWAYS_SEARCH_USER_PATHS = NO;
				ASSETCATALOG_COMPILER_GENERATE_SWIFT_ASSET_SYMBOL_EXTENSIONS = YES;
				CLANG_ANALYZER_NONNULL = YES;
				CLANG_ANALYZER_NUMBER_OBJECT_CONVERSION = YES_AGGRESSIVE;
				CLANG_CXX_LANGUAGE_STANDARD = "gnu++20";
				CLANG_ENABLE_MODULES = YES;
				CLANG_ENABLE_OBJC_ARC = YES;
				CLANG_ENABLE_OBJC_WEAK = YES;
				CLANG_WARN_BLOCK_CAPTURE_AUTORELEASING = YES;
				CLANG_WARN_BOOL_CONVERSION = YES;
				CLANG_WARN_COMMA = YES;
				CLANG_WARN_CONSTANT_CONVERSION = YES;
				CLANG_WARN_DEPRECATED_OBJC_IMPLEMENTATIONS = YES;
				CLANG_WARN_DIRECT_OBJC_ISA_USAGE = YES_ERROR;
				CLANG_WARN_DOCUMENTATION_COMMENTS = YES;
				CLANG_WARN_EMPTY_BODY = YES;
				CLANG_WARN_ENUM_CONVERSION = YES;
				CLANG_WARN_INFINITE_RECURSION = YES;
				CLANG_WARN_INT_CONVERSION = YES;
				CLANG_WARN_NON_LITERAL_NULL_CONVERSION = YES;
				CLANG_WARN_OBJC_IMPLICIT_RETAIN_SELF = YES;
				CLANG_WARN_OBJC_LITERAL_CONVERSION = YES;
				CLANG_WARN_OBJC_ROOT_CLASS = YES_ERROR;
				CLANG_WARN_QUOTED_INCLUDE_IN_FRAMEWORK_HEADER = YES;
				CLANG_WARN_RANGE_LOOP_ANALYSIS = YES;
				CLANG_WARN_STRICT_PROTOTYPES = YES;
				CLANG_WARN_SUSPICIOUS_MOVE = YES;
				CLANG_WARN_UNGUARDED_AVAILABILITY = YES_AGGRESSIVE;
				CLANG_WARN_UNREACHABLE_CODE = YES;
				CLANG_WARN__DUPLICATE_METHOD_MATCH = YES;
				COPY_PHASE_STRIP = NO;
				DEBUG_INFORMATION_FORMAT = "dwarf-with-dsym";
				DEVELOPMENT_TEAM = NK8AYRW483;
				ENABLE_NS_ASSERTIONS = NO;
				ENABLE_STRICT_OBJC_MSGSEND = YES;
				ENABLE_USER_SCRIPT_SANDBOXING = YES;
				GCC_C_LANGUAGE_STANDARD = gnu17;
				GCC_NO_COMMON_BLOCKS = YES;
				GCC_WARN_64_TO_32_BIT_CONVERSION = YES;
				GCC_WARN_ABOUT_RETURN_TYPE = YES_ERROR;
				GCC_WARN_UNDECLARED_SELECTOR = YES;
				GCC_WARN_UNINITIALIZED_AUTOS = YES_AGGRESSIVE;
				GCC_WARN_UNUSED_FUNCTION = YES;
				GCC_WARN_UNUSED_VARIABLE = YES;
				IPHONEOS_DEPLOYMENT_TARGET = 26.0;
				LOCALIZATION_PREFERS_STRING_CATALOGS = YES;
				MTL_ENABLE_DEBUG_INFO = NO;
				MTL_FAST_MATH = YES;
				SDKROOT = iphoneos;
				SWIFT_COMPILATION_MODE = wholemodule;
				VALIDATE_PRODUCT = YES;
			};
			name = Release;
		};
		E716900D2E7EED40006703FD /* Debug */ = {
			isa = XCBuildConfiguration;
			buildSettings = {
				ASSETCATALOG_COMPILER_APPICON_NAME = AppIcon;
				ASSETCATALOG_COMPILER_GLOBAL_ACCENT_COLOR_NAME = AccentColor;
				CODE_SIGN_STYLE = Automatic;
				CURRENT_PROJECT_VERSION = 1;
				DEVELOPMENT_TEAM = NK8AYRW483;
				ENABLE_PREVIEWS = YES;
				GENERATE_INFOPLIST_FILE = YES;
				INFOPLIST_KEY_LSApplicationCategoryType = "";
				INFOPLIST_KEY_NSLocationAlwaysAndWhenInUseUsageDescription = "This app needs location access to show nearby freebies and allow you to post your own freebies with location data.";
				INFOPLIST_KEY_NSLocationWhenInUseUsageDescription = "This app needs location access to show nearby freebies and allow you to post your own freebies with location data.";
				INFOPLIST_KEY_UIApplicationSceneManifest_Generation = YES;
				INFOPLIST_KEY_UIApplicationSupportsIndirectInputEvents = YES;
				INFOPLIST_KEY_UILaunchScreen_Generation = YES;
				INFOPLIST_KEY_UISupportedInterfaceOrientations_iPad = "UIInterfaceOrientationPortrait UIInterfaceOrientationPortraitUpsideDown UIInterfaceOrientationLandscapeLeft UIInterfaceOrientationLandscapeRight";
				INFOPLIST_KEY_UISupportedInterfaceOrientations_iPhone = "UIInterfaceOrientationPortrait UIInterfaceOrientationLandscapeLeft UIInterfaceOrientationLandscapeRight";
				LD_RUNPATH_SEARCH_PATHS = (
					"$(inherited)",
					"@executable_path/Frameworks",
				);
				MARKETING_VERSION = 1.0;
				PRODUCT_BUNDLE_IDENTIFIER = com.example.pennApps2;
				PRODUCT_NAME = "$(TARGET_NAME)";
				STRING_CATALOG_GENERATE_SYMBOLS = YES;
				SWIFT_APPROACHABLE_CONCURRENCY = YES;
				SWIFT_DEFAULT_ACTOR_ISOLATION = MainActor;
				SWIFT_EMIT_LOC_STRINGS = YES;
				SWIFT_UPCOMING_FEATURE_MEMBER_IMPORT_VISIBILITY = YES;
				SWIFT_VERSION = 5.0;
				TARGETED_DEVICE_FAMILY = "1,2";
			};
			name = Debug;
		};
		E716900E2E7EED40006703FD /* Release */ = {
			isa = XCBuildConfiguration;
			buildSettings = {
				ASSETCATALOG_COMPILER_APPICON_NAME = AppIcon;
				ASSETCATALOG_COMPILER_GLOBAL_ACCENT_COLOR_NAME = AccentColor;
				CODE_SIGN_STYLE = Automatic;
				CURRENT_PROJECT_VERSION = 1;
				DEVELOPMENT_TEAM = NK8AYRW483;
				ENABLE_PREVIEWS = YES;
				GENERATE_INFOPLIST_FILE = YES;
				INFOPLIST_KEY_LSApplicationCategoryType = "";
				INFOPLIST_KEY_NSLocationAlwaysAndWhenInUseUsageDescription = "This app needs location access to show nearby freebies and allow you to post your own freebies with location data.";
				INFOPLIST_KEY_NSLocationWhenInUseUsageDescription = "This app needs location access to show nearby freebies and allow you to post your own freebies with location data.";
				INFOPLIST_KEY_UIApplicationSceneManifest_Generation = YES;
				INFOPLIST_KEY_UIApplicationSupportsIndirectInputEvents = YES;
				INFOPLIST_KEY_UILaunchScreen_Generation = YES;
				INFOPLIST_KEY_UISupportedInterfaceOrientations_iPad = "UIInterfaceOrientationPortrait UIInterfaceOrientationPortraitUpsideDown UIInterfaceOrientationLandscapeLeft UIInterfaceOrientationLandscapeRight";
				INFOPLIST_KEY_UISupportedInterfaceOrientations_iPhone = "UIInterfaceOrientationPortrait UIInterfaceOrientationLandscapeLeft UIInterfaceOrientationLandscapeRight";
				LD_RUNPATH_SEARCH_PATHS = (
					"$(inherited)",
					"@executable_path/Frameworks",
				);
				MARKETING_VERSION = 1.0;
				PRODUCT_BUNDLE_IDENTIFIER = com.example.pennApps2;
				PRODUCT_NAME = "$(TARGET_NAME)";
				STRING_CATALOG_GENERATE_SYMBOLS = YES;
				SWIFT_APPROACHABLE_CONCURRENCY = YES;
				SWIFT_DEFAULT_ACTOR_ISOLATION = MainActor;
				SWIFT_EMIT_LOC_STRINGS = YES;
				SWIFT_UPCOMING_FEATURE_MEMBER_IMPORT_VISIBILITY = YES;
				SWIFT_VERSION = 5.0;
				TARGETED_DEVICE_FAMILY = "1,2";
			};
			name = Release;
		};
		E71690102E7EED40006703FD /* Debug */ = {
			isa = XCBuildConfiguration;
			buildSettings = {
				BUNDLE_LOADER = "$(TEST_HOST)";
				CODE_SIGN_STYLE = Automatic;
				CURRENT_PROJECT_VERSION = 1;
				DEVELOPMENT_TEAM = NK8AYRW483;
				GENERATE_INFOPLIST_FILE = YES;
				IPHONEOS_DEPLOYMENT_TARGET = 26.0;
				MARKETING_VERSION = 1.0;
				PRODUCT_BUNDLE_IDENTIFIER = com.example.pennApps2Tests;
				PRODUCT_NAME = "$(TARGET_NAME)";
				STRING_CATALOG_GENERATE_SYMBOLS = NO;
				SWIFT_APPROACHABLE_CONCURRENCY = YES;
				SWIFT_EMIT_LOC_STRINGS = NO;
				SWIFT_UPCOMING_FEATURE_MEMBER_IMPORT_VISIBILITY = YES;
				SWIFT_VERSION = 5.0;
				TARGETED_DEVICE_FAMILY = "1,2";
				TEST_HOST = "$(BUILT_PRODUCTS_DIR)/pennApps2.app/$(BUNDLE_EXECUTABLE_FOLDER_PATH)/pennApps2";
			};
			name = Debug;
		};
		E71690112E7EED40006703FD /* Release */ = {
			isa = XCBuildConfiguration;
			buildSettings = {
				BUNDLE_LOADER = "$(TEST_HOST)";
				CODE_SIGN_STYLE = Automatic;
				CURRENT_PROJECT_VERSION = 1;
				DEVELOPMENT_TEAM = NK8AYRW483;
				GENERATE_INFOPLIST_FILE = YES;
				IPHONEOS_DEPLOYMENT_TARGET = 26.0;
				MARKETING_VERSION = 1.0;
				PRODUCT_BUNDLE_IDENTIFIER = com.example.pennApps2Tests;
				PRODUCT_NAME = "$(TARGET_NAME)";
				STRING_CATALOG_GENERATE_SYMBOLS = NO;
				SWIFT_APPROACHABLE_CONCURRENCY = YES;
				SWIFT_EMIT_LOC_STRINGS = NO;
				SWIFT_UPCOMING_FEATURE_MEMBER_IMPORT_VISIBILITY = YES;
				SWIFT_VERSION = 5.0;
				TARGETED_DEVICE_FAMILY = "1,2";
				TEST_HOST = "$(BUILT_PRODUCTS_DIR)/pennApps2.app/$(BUNDLE_EXECUTABLE_FOLDER_PATH)/pennApps2";
			};
			name = Release;
		};
		E71690132E7EED40006703FD /* Debug */ = {
			isa = XCBuildConfiguration;
			buildSettings = {
				CODE_SIGN_STYLE = Automatic;
				CURRENT_PROJECT_VERSION = 1;
				DEVELOPMENT_TEAM = NK8AYRW483;
				GENERATE_INFOPLIST_FILE = YES;
				MARKETING_VERSION = 1.0;
				PRODUCT_BUNDLE_IDENTIFIER = com.example.pennApps2UITests;
				PRODUCT_NAME = "$(TARGET_NAME)";
				STRING_CATALOG_GENERATE_SYMBOLS = NO;
				SWIFT_APPROACHABLE_CONCURRENCY = YES;
				SWIFT_EMIT_LOC_STRINGS = NO;
				SWIFT_UPCOMING_FEATURE_MEMBER_IMPORT_VISIBILITY = YES;
				SWIFT_VERSION = 5.0;
				TARGETED_DEVICE_FAMILY = "1,2";
				TEST_TARGET_NAME = pennApps2;
			};
			name = Debug;
		};
		E71690142E7EED40006703FD /* Release */ = {
			isa = XCBuildConfiguration;
			buildSettings = {
				CODE_SIGN_STYLE = Automatic;
				CURRENT_PROJECT_VERSION = 1;
				DEVELOPMENT_TEAM = NK8AYRW483;
				GENERATE_INFOPLIST_FILE = YES;
				MARKETING_VERSION = 1.0;
				PRODUCT_BUNDLE_IDENTIFIER = com.example.pennApps2UITests;
				PRODUCT_NAME = "$(TARGET_NAME)";
				STRING_CATALOG_GENERATE_SYMBOLS = NO;
				SWIFT_APPROACHABLE_CONCURRENCY = YES;
				SWIFT_EMIT_LOC_STRINGS = NO;
				SWIFT_UPCOMING_FEATURE_MEMBER_IMPORT_VISIBILITY = YES;
				SWIFT_VERSION = 5.0;
				TARGETED_DEVICE_FAMILY = "1,2";
				TEST_TARGET_NAME = pennApps2;
			};
			name = Release;
		};
/* End XCBuildConfiguration section */

/* Begin XCConfigurationList section */
		E7168FE62E7EED3F006703FD /* Build configuration list for PBXProject "pennApps2" */ = {
			isa = XCConfigurationList;
			buildConfigurations = (
				E716900A2E7EED40006703FD /* Debug */,
				E716900B2E7EED40006703FD /* Release */,
			);
			defaultConfigurationIsVisible = 0;
			defaultConfigurationName = Release;
		};
		E716900C2E7EED40006703FD /* Build configuration list for PBXNativeTarget "pennApps2" */ = {
			isa = XCConfigurationList;
			buildConfigurations = (
				E716900D2E7EED40006703FD /* Debug */,
				E716900E2E7EED40006703FD /* Release */,
			);
			defaultConfigurationIsVisible = 0;
			defaultConfigurationName = Release;
		};
		E716900F2E7EED40006703FD /* Build configuration list for PBXNativeTarget "pennApps2Tests" */ = {
			isa = XCConfigurationList;
			buildConfigurations = (
				E71690102E7EED40006703FD /* Debug */,
				E71690112E7EED40006703FD /* Release */,
			);
			defaultConfigurationIsVisible = 0;
			defaultConfigurationName = Release;
		};
		E71690122E7EED40006703FD /* Build configuration list for PBXNativeTarget "pennApps2UITests" */ = {
			isa = XCConfigurationList;
			buildConfigurations = (
				E71690132E7EED40006703FD /* Debug */,
				E71690142E7EED40006703FD /* Release */,
			);
			defaultConfigurationIsVisible = 0;
			defaultConfigurationName = Release;
		};
/* End XCConfigurationList section */

/* Begin XCRemoteSwiftPackageReference section */
		E716902A2E7EF3DD006703FD /* XCRemoteSwiftPackageReference "firebase-ios-sdk" */ = {
			isa = XCRemoteSwiftPackageReference;
			repositoryURL = "https://github.com/firebase/firebase-ios-sdk";
			requirement = {
				kind = upToNextMajorVersion;
				minimumVersion = 12.3.0;
			};
		};
/* End XCRemoteSwiftPackageReference section */

/* Begin XCSwiftPackageProductDependency section */
		E716902B2E7EF3DD006703FD /* FirebaseAI */ = {
			isa = XCSwiftPackageProductDependency;
			package = E716902A2E7EF3DD006703FD /* XCRemoteSwiftPackageReference "firebase-ios-sdk" */;
			productName = FirebaseAI;
		};
		E716902D2E7EF3DD006703FD /* FirebaseAnalytics */ = {
			isa = XCSwiftPackageProductDependency;
			package = E716902A2E7EF3DD006703FD /* XCRemoteSwiftPackageReference "firebase-ios-sdk" */;
			productName = FirebaseAnalytics;
		};
		E716902F2E7EF3DD006703FD /* FirebaseAnalyticsCore */ = {
			isa = XCSwiftPackageProductDependency;
			package = E716902A2E7EF3DD006703FD /* XCRemoteSwiftPackageReference "firebase-ios-sdk" */;
			productName = FirebaseAnalyticsCore;
		};
		E71690312E7EF3DD006703FD /* FirebaseAnalyticsIdentitySupport */ = {
			isa = XCSwiftPackageProductDependency;
			package = E716902A2E7EF3DD006703FD /* XCRemoteSwiftPackageReference "firebase-ios-sdk" */;
			productName = FirebaseAnalyticsIdentitySupport;
		};
		E71690332E7EF3DD006703FD /* FirebaseAppCheck */ = {
			isa = XCSwiftPackageProductDependency;
			package = E716902A2E7EF3DD006703FD /* XCRemoteSwiftPackageReference "firebase-ios-sdk" */;
			productName = FirebaseAppCheck;
		};
		E716905A2E7EFB40006703FD /* FirebaseAppDistribution-Beta */ = {
			isa = XCSwiftPackageProductDependency;
			package = E716902A2E7EF3DD006703FD /* XCRemoteSwiftPackageReference "firebase-ios-sdk" */;
			productName = "FirebaseAppDistribution-Beta";
		};
		E716905C2E7EFB40006703FD /* FirebaseAuth */ = {
			isa = XCSwiftPackageProductDependency;
			package = E716902A2E7EF3DD006703FD /* XCRemoteSwiftPackageReference "firebase-ios-sdk" */;
			productName = FirebaseAuth;
		};
		E716905E2E7EFB40006703FD /* FirebaseAuthCombine-Community */ = {
			isa = XCSwiftPackageProductDependency;
			package = E716902A2E7EF3DD006703FD /* XCRemoteSwiftPackageReference "firebase-ios-sdk" */;
			productName = "FirebaseAuthCombine-Community";
		};
		E71690602E7EFB40006703FD /* FirebaseCore */ = {
			isa = XCSwiftPackageProductDependency;
			package = E716902A2E7EF3DD006703FD /* XCRemoteSwiftPackageReference "firebase-ios-sdk" */;
			productName = FirebaseCore;
		};
		E71690622E7EFB40006703FD /* FirebaseCrashlytics */ = {
			isa = XCSwiftPackageProductDependency;
			package = E716902A2E7EF3DD006703FD /* XCRemoteSwiftPackageReference "firebase-ios-sdk" */;
			productName = FirebaseCrashlytics;
		};
		E71690642E7EFB40006703FD /* FirebaseDatabase */ = {
			isa = XCSwiftPackageProductDependency;
			package = E716902A2E7EF3DD006703FD /* XCRemoteSwiftPackageReference "firebase-ios-sdk" */;
			productName = FirebaseDatabase;
		};
		E71690662E7EFB40006703FD /* FirebaseFirestore */ = {
			isa = XCSwiftPackageProductDependency;
			package = E716902A2E7EF3DD006703FD /* XCRemoteSwiftPackageReference "firebase-ios-sdk" */;
			productName = FirebaseFirestore;
		};
		E71690682E7EFB40006703FD /* FirebaseFirestoreCombine-Community */ = {
			isa = XCSwiftPackageProductDependency;
			package = E716902A2E7EF3DD006703FD /* XCRemoteSwiftPackageReference "firebase-ios-sdk" */;
			productName = "FirebaseFirestoreCombine-Community";
		};
		E716906A2E7EFB40006703FD /* FirebaseFunctions */ = {
			isa = XCSwiftPackageProductDependency;
			package = E716902A2E7EF3DD006703FD /* XCRemoteSwiftPackageReference "firebase-ios-sdk" */;
			productName = FirebaseFunctions;
		};
		E716906C2E7EFB40006703FD /* FirebaseFunctionsCombine-Community */ = {
			isa = XCSwiftPackageProductDependency;
			package = E716902A2E7EF3DD006703FD /* XCRemoteSwiftPackageReference "firebase-ios-sdk" */;
			productName = "FirebaseFunctionsCombine-Community";
		};
		E716906E2E7EFB40006703FD /* FirebaseInAppMessaging-Beta */ = {
			isa = XCSwiftPackageProductDependency;
			package = E716902A2E7EF3DD006703FD /* XCRemoteSwiftPackageReference "firebase-ios-sdk" */;
			productName = "FirebaseInAppMessaging-Beta";
		};
		E71690702E7EFB40006703FD /* FirebaseInstallations */ = {
			isa = XCSwiftPackageProductDependency;
			package = E716902A2E7EF3DD006703FD /* XCRemoteSwiftPackageReference "firebase-ios-sdk" */;
			productName = FirebaseInstallations;
		};
		E71690722E7EFB40006703FD /* FirebaseMLModelDownloader */ = {
			isa = XCSwiftPackageProductDependency;
			package = E716902A2E7EF3DD006703FD /* XCRemoteSwiftPackageReference "firebase-ios-sdk" */;
			productName = FirebaseMLModelDownloader;
		};
		E71690742E7EFB40006703FD /* FirebaseMessaging */ = {
			isa = XCSwiftPackageProductDependency;
			package = E716902A2E7EF3DD006703FD /* XCRemoteSwiftPackageReference "firebase-ios-sdk" */;
			productName = FirebaseMessaging;
		};
		E71690762E7EFB40006703FD /* FirebasePerformance */ = {
			isa = XCSwiftPackageProductDependency;
			package = E716902A2E7EF3DD006703FD /* XCRemoteSwiftPackageReference "firebase-ios-sdk" */;
			productName = FirebasePerformance;
		};
		E71690782E7EFB40006703FD /* FirebaseRemoteConfig */ = {
			isa = XCSwiftPackageProductDependency;
			package = E716902A2E7EF3DD006703FD /* XCRemoteSwiftPackageReference "firebase-ios-sdk" */;
			productName = FirebaseRemoteConfig;
		};
		E716907A2E7EFB40006703FD /* FirebaseStorage */ = {
			isa = XCSwiftPackageProductDependency;
			package = E716902A2E7EF3DD006703FD /* XCRemoteSwiftPackageReference "firebase-ios-sdk" */;
			productName = FirebaseStorage;
		};
		E716907C2E7EFB40006703FD /* FirebaseStorageCombine-Community */ = {
			isa = XCSwiftPackageProductDependency;
			package = E716902A2E7EF3DD006703FD /* XCRemoteSwiftPackageReference "firebase-ios-sdk" */;
			productName = "FirebaseStorageCombine-Community";
		};
/* End XCSwiftPackageProductDependency section */
	};
	rootObject = E7168FE32E7EED3F006703FD /* Project object */;
}
